<?xml version="1.0" encoding="utf-8"?>
<Project ToolsVersion="4.0" xmlns="http://schemas.microsoft.com/developer/msbuild/2003">
  <ItemGroup>
    <Filter Include="include">
      <UniqueIdentifier>{B19052C1-DFA3-AD47-90BD-74DE4528CF76}</UniqueIdentifier>
    </Filter>
    <Filter Include="include\SDL">
      <UniqueIdentifier>{EDF8B120-E667-744A-8A18-37A915664881}</UniqueIdentifier>
    </Filter>
    <Filter Include="include\SDL_image">
      <UniqueIdentifier>{6257ED4C-4374-E745-9D29-6A34E81EBE7E}</UniqueIdentifier>
    </Filter>
    <Filter Include="src">
      <UniqueIdentifier>{64C6F0BB-83C2-1C4B-A881-474FA428F07A}</UniqueIdentifier>
    </Filter>
  </ItemGroup>
  <ItemGroup>
    <ClInclude Include="..\include\Animation.h">
      <Filter>include</Filter>
    </ClInclude>
    <ClInclude Include="..\include\AnimationManager.h">
      <Filter>include</Filter>
    </ClInclude>
    <ClInclude Include="..\include\Camera.h">
      <Filter>include</Filter>
    </ClInclude>
    <ClInclude Include="..\include\Engine.h">
      <Filter>include</Filter>
    </ClInclude>
    <ClInclude Include="..\include\GraphicsManager.h">
      <Filter>include</Filter>
    </ClInclude>
    <ClInclude Include="..\include\InputManager.h">
      <Filter>include</Filter>
    </ClInclude>
    <ClInclude Include="..\include\Key.h">
      <Filter>include</Filter>
    </ClInclude>
    <ClInclude Include="..\include\ProjIncludes.h">
      <Filter>include</Filter>
    </ClInclude>
    <ClInclude Include="..\include\Singleton.h">
      <Filter>include</Filter>
    </ClInclude>
    <ClInclude Include="..\include\Texture.h">
      <Filter>include</Filter>
    </ClInclude>
    <ClInclude Include="..\include\TextureManager.h">
      <Filter>include</Filter>
    </ClInclude>
    <ClInclude Include="..\include\Vector2D.h">
      <Filter>include</Filter>
    </ClInclude>
    <ClInclude Include="..\include\SDL\begin_code.h">
      <Filter>include\SDL</Filter>
    </ClInclude>
    <ClInclude Include="..\include\SDL\close_code.h">
      <Filter>include\SDL</Filter>
    </ClInclude>
    <ClInclude Include="..\include\SDL\SDL.h">
      <Filter>include\SDL</Filter>
    </ClInclude>
    <ClInclude Include="..\include\SDL\SDL_assert.h">
      <Filter>include\SDL</Filter>
    </ClInclude>
    <ClInclude Include="..\include\SDL\SDL_atomic.h">
      <Filter>include\SDL</Filter>
    </ClInclude>
    <ClInclude Include="..\include\SDL\SDL_audio.h">
      <Filter>include\SDL</Filter>
    </ClInclude>
    <ClInclude Include="..\include\SDL\SDL_blendmode.h">
      <Filter>include\SDL</Filter>
    </ClInclude>
    <ClInclude Include="..\include\SDL\SDL_clipboard.h">
      <Filter>include\SDL</Filter>
    </ClInclude>
    <ClInclude Include="..\include\SDL\SDL_config.h">
      <Filter>include\SDL</Filter>
    </ClInclude>
    <ClInclude Include="..\include\SDL\SDL_config_android.h">
      <Filter>include\SDL</Filter>
    </ClInclude>
    <ClInclude Include="..\include\SDL\SDL_config_iphoneos.h">
      <Filter>include\SDL</Filter>
    </ClInclude>
    <ClInclude Include="..\include\SDL\SDL_config_macosx.h">
      <Filter>include\SDL</Filter>
    </ClInclude>
    <ClInclude Include="..\include\SDL\SDL_config_minimal.h">
      <Filter>include\SDL</Filter>
    </ClInclude>
    <ClInclude Include="..\include\SDL\SDL_config_nintendods.h">
      <Filter>include\SDL</Filter>
    </ClInclude>
    <ClInclude Include="..\include\SDL\SDL_config_pandora.h">
      <Filter>include\SDL</Filter>
    </ClInclude>
    <ClInclude Include="..\include\SDL\SDL_config_windows.h">
      <Filter>include\SDL</Filter>
    </ClInclude>
    <ClInclude Include="..\include\SDL\SDL_config_wiz.h">
      <Filter>include\SDL</Filter>
    </ClInclude>
    <ClInclude Include="..\include\SDL\SDL_copying.h">
      <Filter>include\SDL</Filter>
    </ClInclude>
    <ClInclude Include="..\include\SDL\SDL_cpuinfo.h">
      <Filter>include\SDL</Filter>
    </ClInclude>
    <ClInclude Include="..\include\SDL\SDL_endian.h">
      <Filter>include\SDL</Filter>
    </ClInclude>
    <ClInclude Include="..\include\SDL\SDL_error.h">
      <Filter>include\SDL</Filter>
    </ClInclude>
    <ClInclude Include="..\include\SDL\SDL_events.h">
      <Filter>include\SDL</Filter>
    </ClInclude>
    <ClInclude Include="..\include\SDL\SDL_gesture.h">
      <Filter>include\SDL</Filter>
    </ClInclude>
    <ClInclude Include="..\include\SDL\SDL_haptic.h">
      <Filter>include\SDL</Filter>
    </ClInclude>
    <ClInclude Include="..\include\SDL\SDL_hints.h">
      <Filter>include\SDL</Filter>
    </ClInclude>
    <ClInclude Include="..\include\SDL\SDL_input.h">
      <Filter>include\SDL</Filter>
    </ClInclude>
    <ClInclude Include="..\include\SDL\SDL_joystick.h">
      <Filter>include\SDL</Filter>
    </ClInclude>
    <ClInclude Include="..\include\SDL\SDL_keyboard.h">
      <Filter>include\SDL</Filter>
    </ClInclude>
    <ClInclude Include="..\include\SDL\SDL_keycode.h">
      <Filter>include\SDL</Filter>
    </ClInclude>
    <ClInclude Include="..\include\SDL\SDL_loadso.h">
      <Filter>include\SDL</Filter>
    </ClInclude>
    <ClInclude Include="..\include\SDL\SDL_log.h">
      <Filter>include\SDL</Filter>
    </ClInclude>
    <ClInclude Include="..\include\SDL\SDL_main.h">
      <Filter>include\SDL</Filter>
    </ClInclude>
    <ClInclude Include="..\include\SDL\SDL_mouse.h">
      <Filter>include\SDL</Filter>
    </ClInclude>
    <ClInclude Include="..\include\SDL\SDL_mutex.h">
      <Filter>include\SDL</Filter>
    </ClInclude>
    <ClInclude Include="..\include\SDL\SDL_name.h">
      <Filter>include\SDL</Filter>
    </ClInclude>
    <ClInclude Include="..\include\SDL\SDL_opengl.h">
      <Filter>include\SDL</Filter>
    </ClInclude>
    <ClInclude Include="..\include\SDL\SDL_opengles.h">
      <Filter>include\SDL</Filter>
    </ClInclude>
    <ClInclude Include="..\include\SDL\SDL_opengles2.h">
      <Filter>include\SDL</Filter>
    </ClInclude>
    <ClInclude Include="..\include\SDL\SDL_pixels.h">
      <Filter>include\SDL</Filter>
    </ClInclude>
    <ClInclude Include="..\include\SDL\SDL_platform.h">
      <Filter>include\SDL</Filter>
    </ClInclude>
    <ClInclude Include="..\include\SDL\SDL_power.h">
      <Filter>include\SDL</Filter>
    </ClInclude>
    <ClInclude Include="..\include\SDL\SDL_quit.h">
      <Filter>include\SDL</Filter>
    </ClInclude>
    <ClInclude Include="..\include\SDL\SDL_rect.h">
      <Filter>include\SDL</Filter>
    </ClInclude>
    <ClInclude Include="..\include\SDL\SDL_render.h">
      <Filter>include\SDL</Filter>
    </ClInclude>
    <ClInclude Include="..\include\SDL\SDL_revision.h">
      <Filter>include\SDL</Filter>
    </ClInclude>
    <ClInclude Include="..\include\SDL\SDL_rwops.h">
      <Filter>include\SDL</Filter>
    </ClInclude>
    <ClInclude Include="..\include\SDL\SDL_scancode.h">
      <Filter>include\SDL</Filter>
    </ClInclude>
    <ClInclude Include="..\include\SDL\SDL_shape.h">
      <Filter>include\SDL</Filter>
    </ClInclude>
    <ClInclude Include="..\include\SDL\SDL_stdinc.h">
      <Filter>include\SDL</Filter>
    </ClInclude>
    <ClInclude Include="..\include\SDL\SDL_surface.h">
      <Filter>include\SDL</Filter>
    </ClInclude>
    <ClInclude Include="..\include\SDL\SDL_system.h">
      <Filter>include\SDL</Filter>
    </ClInclude>
    <ClInclude Include="..\include\SDL\SDL_syswm.h">
      <Filter>include\SDL</Filter>
    </ClInclude>
    <ClInclude Include="..\include\SDL\SDL_thread.h">
      <Filter>include\SDL</Filter>
    </ClInclude>
    <ClInclude Include="..\include\SDL\SDL_timer.h">
      <Filter>include\SDL</Filter>
    </ClInclude>
    <ClInclude Include="..\include\SDL\SDL_touch.h">
      <Filter>include\SDL</Filter>
    </ClInclude>
    <ClInclude Include="..\include\SDL\SDL_types.h">
      <Filter>include\SDL</Filter>
    </ClInclude>
    <ClInclude Include="..\include\SDL\SDL_version.h">
      <Filter>include\SDL</Filter>
    </ClInclude>
    <ClInclude Include="..\include\SDL\SDL_video.h">
      <Filter>include\SDL</Filter>
    </ClInclude>
    <ClInclude Include="..\include\SDL_image\SDL_image.h">
      <Filter>include\SDL_image</Filter>
    </ClInclude>
  </ItemGroup>
  <ItemGroup>
    <ClCompile Include="..\src\Animation.cpp">
      <Filter>src</Filter>
    </ClCompile>
    <ClCompile Include="..\src\AnimationManager.cpp">
      <Filter>src</Filter>
    </ClCompile>
    <ClCompile Include="..\src\Camera.cpp">
      <Filter>src</Filter>
    </ClCompile>
    <ClCompile Include="..\src\Engine.cpp">
      <Filter>src</Filter>
    </ClCompile>
    <ClCompile Include="..\src\GraphicsManager.cpp">
      <Filter>src</Filter>
    </ClCompile>
    <ClCompile Include="..\src\InputManager.cpp">
      <Filter>src</Filter>
    </ClCompile>
    <ClCompile Include="..\src\Texture.cpp">
      <Filter>src</Filter>
    </ClCompile>
    <ClCompile Include="..\src\TextureManager.cpp">
      <Filter>src</Filter>
    </ClCompile>
    <ClCompile Include="..\src\Vector2D.cpp">
      <Filter>src</Filter>
    </ClCompile>
  </ItemGroup>
</Project>